
Microsoft Visual Studio Solution File, Format Version 12.00
# Visual Studio Version 17
VisualStudioVersion = 17.6.33829.357
MinimumVisualStudioVersion = 10.0.40219.1
Project("{FAE04EC0-301F-11D3-BF4B-00C04F79EFBC}") = "NoTown Musical Store", "NoTown Musical Store\NoTown Musical Store.csproj", "{E72AD5B8-E960-4650-A7AC-73AC641F6765}"
EndProject
Global
	GlobalSection(SolutionConfigurationPlatforms) = preSolution
		Debug|Any CPU = Debug|Any CPU
		Release|Any CPU = Release|Any CPU
	EndGlobalSection
	GlobalSection(ProjectConfigurationPlatforms) = postSolution
		{E72AD5B8-E960-4650-A7AC-73AC641F6765}.Debug|Any CPU.ActiveCfg = Debug|Any CPU
		{E72AD5B8-E960-4650-A7AC-73AC641F6765}.Debug|Any CPU.Build.0 = Debug|Any CPU
		{E72AD5B8-E960-4650-A7AC-73AC641F6765}.Release|Any CPU.ActiveCfg = Release|Any CPU
		{E72AD5B8-E960-4650-A7AC-73AC641F6765}.Release|Any CPU.Build.0 = Release|Any CPU
	EndGlobalSection
	GlobalSection(SolutionProperties) = preSolution
		HideSolutionNode = FALSE
	EndGlobalSection
	GlobalSection(ExtensibilityGlobals) = postSolution
		SolutionGuid = {09A347C3-DCCB-4770-B49F-04D29213A130}
	EndGlobalSection
EndGlobal
